
Microsoft Visual Studio Solution File, Format Version 12.00
# Visual Studio Version 17
VisualStudioVersion = 17.5.002.0
MinimumVisualStudioVersion = 10.0.40219.1
Project("{9A19103F-16F7-4668-BE54-9A1E7A4F7556}") = "zeProtect", "zeProtect.csproj", "{07920293-15DE-44DE-AC90-32A54A04CCD4}"
EndProject
Global
	GlobalSection(SolutionConfigurationPlatforms) = preSolution
		Debug|Any CPU = Debug|Any CPU
		Release|Any CPU = Release|Any CPU
	EndGlobalSection
	GlobalSection(ProjectConfigurationPlatforms) = postSolution
		{07920293-15DE-44DE-AC90-32A54A04CCD4}.Debug|Any CPU.ActiveCfg = Debug|Any CPU
		{07920293-15DE-44DE-AC90-32A54A04CCD4}.Debug|Any CPU.Build.0 = Debug|Any CPU
		{07920293-15DE-44DE-AC90-32A54A04CCD4}.Release|Any CPU.ActiveCfg = Release|Any CPU
		{07920293-15DE-44DE-AC90-32A54A04CCD4}.Release|Any CPU.Build.0 = Release|Any CPU
	EndGlobalSection
	GlobalSection(SolutionProperties) = preSolution
		HideSolutionNode = FALSE
	EndGlobalSection
	GlobalSection(ExtensibilityGlobals) = postSolution
		SolutionGuid = {1F69E22E-01C2-4E13-AA95-A34BBC3798BB}
	EndGlobalSection
EndGlobal
